
Microsoft Visual Studio Solution File, Format Version 12.00
# Visual Studio Version 16
VisualStudioVersion = 16.0.29215.179
MinimumVisualStudioVersion = 10.0.40219.1
Project("{FAE04EC0-301F-11D3-BF4B-00C04F79EFBC}") = "Practica", "Practica\Practica.csproj", "{4A41A357-B7A5-446A-A0D8-107FD5B1E3C0}"
EndProject
Global
	GlobalSection(SolutionConfigurationPlatforms) = preSolution
		Debug|Any CPU = Debug|Any CPU
		Release|Any CPU = Release|Any CPU
	EndGlobalSection
	GlobalSection(ProjectConfigurationPlatforms) = postSolution
		{4A41A357-B7A5-446A-A0D8-107FD5B1E3C0}.Debug|Any CPU.ActiveCfg = Debug|Any CPU
		{4A41A357-B7A5-446A-A0D8-107FD5B1E3C0}.Debug|Any CPU.Build.0 = Debug|Any CPU
		{4A41A357-B7A5-446A-A0D8-107FD5B1E3C0}.Release|Any CPU.ActiveCfg = Release|Any CPU
		{4A41A357-B7A5-446A-A0D8-107FD5B1E3C0}.Release|Any CPU.Build.0 = Release|Any CPU
	EndGlobalSection
	GlobalSection(SolutionProperties) = preSolution
		HideSolutionNode = FALSE
	EndGlobalSection
	GlobalSection(ExtensibilityGlobals) = postSolution
		SolutionGuid = {8A5D5EFE-944D-45CD-8DB9-09B6F50D8498}
	EndGlobalSection
EndGlobal
